// !$*UTF8*$!
{
	archiveVersion = 1;
	classes = {
	};
	objectVersion = 55;
	objects = {

/* Begin PBXGroup section */
		836B8E362C269AF100FC6B8D = {
			isa = PBXGroup;
			children = (
			);
			sourceTree = "<group>";
		};
/* End PBXGroup section */

/* Begin PBXProject section */
		836B8E372C269AF100FC6B8D /* Project object */ = {
			isa = PBXProject;
			attributes = {
				BuildIndependentTargetsInParallel = 1;
				LastUpgradeCheck = 1340;
			};
			buildConfigurationList = 836B8E3A2C269AF100FC6B8D /* Build configuration list for PBXProject "ScrabbleSolver" */;
			compatibilityVersion = "Xcode 13.0";
			developmentRegion = en;
			hasScannedForEncodings = 0;
			knownRegions = (
				en,
				Base,
			);
			mainGroup = 836B8E362C269AF100FC6B8D;
			projectDirPath = "";
			projectRoot = "";
			targets = (
			);
		};
/* End PBXProject section */

/* Begin XCBuildConfiguration section */
		836B8E3B2C269AF100FC6B8D /* Debug */ = {
			isa = XCBuildConfiguration;
			buildSettings = {
			};
			name = Debug;
		};
		836B8E3C2C269AF100FC6B8D /* Release */ = {
			isa = XCBuildConfiguration;
			buildSettings = {
			};
			name = Release;
		};
/* End XCBuildConfiguration section */

/* Begin XCConfigurationList section */
		836B8E3A2C269AF100FC6B8D /* Build configuration list for PBXProject "ScrabbleSolver" */ = {
			isa = XCConfigurationList;
			buildConfigurations = (
				836B8E3B2C269AF100FC6B8D /* Debug */,
				836B8E3C2C269AF100FC6B8D /* Release */,
			);
			defaultConfigurationIsVisible = 0;
			defaultConfigurationName = Release;
		};
/* End XCConfigurationList section */
	};
	rootObject = 836B8E372C269AF100FC6B8D /* Project object */;
}
